// !$*UTF8*$!
{
	archiveVersion = 1;
	classes = {
	};
	objectVersion = 55;
	objects = {

/* Begin PBXBuildFile section */
		E50C3AE327A1C6490085CABD /* Reusable.swift in Sources */ = {isa = PBXBuildFile; fileRef = E50C3AE227A1C6490085CABD /* Reusable.swift */; };
		E575401C27968ED0001F9247 /* AppDelegate.swift in Sources */ = {isa = PBXBuildFile; fileRef = E575401B27968ED0001F9247 /* AppDelegate.swift */; };
		E575401E27968ED0001F9247 /* SceneDelegate.swift in Sources */ = {isa = PBXBuildFile; fileRef = E575401D27968ED0001F9247 /* SceneDelegate.swift */; };
		E575402827968ED3001F9247 /* LaunchScreen.storyboard in Resources */ = {isa = PBXBuildFile; fileRef = E575402627968ED3001F9247 /* LaunchScreen.storyboard */; };
		E575403627969698001F9247 /* UIColor+Extension.swift in Sources */ = {isa = PBXBuildFile; fileRef = E575403527969698001F9247 /* UIColor+Extension.swift */; };
		E575403827969EA1001F9247 /* AuthPhoneNumberViewController.swift in Sources */ = {isa = PBXBuildFile; fileRef = E575403727969EA1001F9247 /* AuthPhoneNumberViewController.swift */; };
		E575403A2796A07F001F9247 /* GoogleService-Info.plist in Resources */ = {isa = PBXBuildFile; fileRef = E57540392796A07E001F9247 /* GoogleService-Info.plist */; };
		E575404E279705ED001F9247 /* SeSACButton.swift in Sources */ = {isa = PBXBuildFile; fileRef = E575404D279705ED001F9247 /* SeSACButton.swift */; };
		E575405127970E17001F9247 /* SnapKit in Frameworks */ = {isa = PBXBuildFile; productRef = E575405027970E17001F9247 /* SnapKit */; };
		E575405827971B3B001F9247 /* AuthCommonView.swift in Sources */ = {isa = PBXBuildFile; fileRef = E575405727971B3B001F9247 /* AuthCommonView.swift */; };
		E575405E2798750F001F9247 /* RxCocoa in Frameworks */ = {isa = PBXBuildFile; productRef = E575405D2798750F001F9247 /* RxCocoa */; };
		E57540602798750F001F9247 /* RxSwift in Frameworks */ = {isa = PBXBuildFile; productRef = E575405F2798750F001F9247 /* RxSwift */; };
		E5754063279878B8001F9247 /* ViewRepresentable.swift in Sources */ = {isa = PBXBuildFile; fileRef = E5754062279878B8001F9247 /* ViewRepresentable.swift */; };
		E57540652798820A001F9247 /* AuthPhoneViewModel.swift in Sources */ = {isa = PBXBuildFile; fileRef = E57540642798820A001F9247 /* AuthPhoneViewModel.swift */; };
		E57540672799255C001F9247 /* SeSACTextField.swift in Sources */ = {isa = PBXBuildFile; fileRef = E57540662799255C001F9247 /* SeSACTextField.swift */; };
		E575406C27993D2B001F9247 /* AuthCodeViewController.swift in Sources */ = {isa = PBXBuildFile; fileRef = E575406B27993D2B001F9247 /* AuthCodeViewController.swift */; };
		E575406E27994045001F9247 /* AuthCodeViewModel.swift in Sources */ = {isa = PBXBuildFile; fileRef = E575406D27994045001F9247 /* AuthCodeViewModel.swift */; };
		E5754070279A4ED2001F9247 /* AuthEmailViewController.swift in Sources */ = {isa = PBXBuildFile; fileRef = E575406F279A4ED2001F9247 /* AuthEmailViewController.swift */; };
		E5754072279A4F07001F9247 /* AuthNicknameViewController.swift in Sources */ = {isa = PBXBuildFile; fileRef = E5754071279A4F07001F9247 /* AuthNicknameViewController.swift */; };
		E5754074279A4F3A001F9247 /* AuthGenderViewController.swift in Sources */ = {isa = PBXBuildFile; fileRef = E5754073279A4F3A001F9247 /* AuthGenderViewController.swift */; };
		E5754076279A4F68001F9247 /* AuthBirthViewController.swift in Sources */ = {isa = PBXBuildFile; fileRef = E5754075279A4F68001F9247 /* AuthBirthViewController.swift */; };
		E5754078279B0BDC001F9247 /* AuthModel.swift in Sources */ = {isa = PBXBuildFile; fileRef = E5754077279B0BDC001F9247 /* AuthModel.swift */; };
		E575407D279B0D2B001F9247 /* AuthEmailViewModel.swift in Sources */ = {isa = PBXBuildFile; fileRef = E575407C279B0D2B001F9247 /* AuthEmailViewModel.swift */; };
		E5754081279D1AB8001F9247 /* AuthTextFieldView.swift in Sources */ = {isa = PBXBuildFile; fileRef = E5754080279D1AB8001F9247 /* AuthTextFieldView.swift */; };
		E5754083279D1EE9001F9247 /* AuthCodeView.swift in Sources */ = {isa = PBXBuildFile; fileRef = E5754082279D1EE9001F9247 /* AuthCodeView.swift */; };
		E5754085279D1F0B001F9247 /* AuthBirthView.swift in Sources */ = {isa = PBXBuildFile; fileRef = E5754084279D1F0B001F9247 /* AuthBirthView.swift */; };
		E5754087279D1F28001F9247 /* AuthGenderView.swift in Sources */ = {isa = PBXBuildFile; fileRef = E5754086279D1F28001F9247 /* AuthGenderView.swift */; };
		E575408A279D24ED001F9247 /* AppSettings.swift in Sources */ = {isa = PBXBuildFile; fileRef = E5754089279D24ED001F9247 /* AppSettings.swift */; };
		E575408C279D5D5A001F9247 /* String+Extension.swift in Sources */ = {isa = PBXBuildFile; fileRef = E575408B279D5D5A001F9247 /* String+Extension.swift */; };
		E575408F279DB92D001F9247 /* FirebaseManager.swift in Sources */ = {isa = PBXBuildFile; fileRef = E575408E279DB92D001F9247 /* FirebaseManager.swift */; };
		E5754091279DD0B6001F9247 /* UIViewController+Extension.swift in Sources */ = {isa = PBXBuildFile; fileRef = E5754090279DD0B6001F9247 /* UIViewController+Extension.swift */; };
		E5754094279DD274001F9247 /* FirebaseAuth in Frameworks */ = {isa = PBXBuildFile; productRef = E5754093279DD274001F9247 /* FirebaseAuth */; };
		E5754096279DD274001F9247 /* FirebaseMessaging in Frameworks */ = {isa = PBXBuildFile; productRef = E5754095279DD274001F9247 /* FirebaseMessaging */; };
		E5754098279DDA93001F9247 /* AuthNicknameViewModel.swift in Sources */ = {isa = PBXBuildFile; fileRef = E5754097279DDA93001F9247 /* AuthNicknameViewModel.swift */; };
		E575409C279DF222001F9247 /* ViewModelProtocol.swift in Sources */ = {isa = PBXBuildFile; fileRef = E575409B279DF222001F9247 /* ViewModelProtocol.swift */; };
		E575409F279DF54C001F9247 /* Toast in Frameworks */ = {isa = PBXBuildFile; productRef = E575409E279DF54C001F9247 /* Toast */; };
		E57540A1279E8A2B001F9247 /* AuthBirthViewModel.swift in Sources */ = {isa = PBXBuildFile; fileRef = E57540A0279E8A2B001F9247 /* AuthBirthViewModel.swift */; };
		E57540A3279E8A3A001F9247 /* AuthGenderViewModel.swift in Sources */ = {isa = PBXBuildFile; fileRef = E57540A2279E8A3A001F9247 /* AuthGenderViewModel.swift */; };
		E57540A827A09574001F9247 /* AuthAPI.swift in Sources */ = {isa = PBXBuildFile; fileRef = E57540A727A09574001F9247 /* AuthAPI.swift */; };
		E57540AE27A09B49001F9247 /* Moya in Frameworks */ = {isa = PBXBuildFile; productRef = E57540AD27A09B49001F9247 /* Moya */; };
		E57540B027A09B49001F9247 /* RxMoya in Frameworks */ = {isa = PBXBuildFile; productRef = E57540AF27A09B49001F9247 /* RxMoya */; };
		E57540B227A12E4F001F9247 /* TabBarController.swift in Sources */ = {isa = PBXBuildFile; fileRef = E57540B127A12E4E001F9247 /* TabBarController.swift */; };
		E57540B827A18FBF001F9247 /* MyInfoViewController.swift in Sources */ = {isa = PBXBuildFile; fileRef = E57540B727A18FBF001F9247 /* MyInfoViewController.swift */; };
		E57540BA27A18FDB001F9247 /* ChatViewController.swift in Sources */ = {isa = PBXBuildFile; fileRef = E57540B927A18FDB001F9247 /* ChatViewController.swift */; };
		E57540BC27A18FF1001F9247 /* ShopViewController.swift in Sources */ = {isa = PBXBuildFile; fileRef = E57540BB27A18FF1001F9247 /* ShopViewController.swift */; };
		E57540BE27A1900C001F9247 /* MapViewController.swift in Sources */ = {isa = PBXBuildFile; fileRef = E57540BD27A1900C001F9247 /* MapViewController.swift */; };
		E57540C027A19354001F9247 /* MyInfoView.swift in Sources */ = {isa = PBXBuildFile; fileRef = E57540BF27A19354001F9247 /* MyInfoView.swift */; };
		E5D41B8427AAAF1F00021C58 /* FontTHeme.swift in Sources */ = {isa = PBXBuildFile; fileRef = E5D41B7927AAAF1D00021C58 /* FontTHeme.swift */; };
		E5D41B8527AAAF1F00021C58 /* NotoSansKR-Light.otf in Resources */ = {isa = PBXBuildFile; fileRef = E5D41B7B27AAAF1E00021C58 /* NotoSansKR-Light.otf */; };
		E5D41B8627AAAF1F00021C58 /* NotoSansKR-Bold.otf in Resources */ = {isa = PBXBuildFile; fileRef = E5D41B7C27AAAF1E00021C58 /* NotoSansKR-Bold.otf */; };
		E5D41B8727AAAF1F00021C58 /* NotoSansKR-Thin.otf in Resources */ = {isa = PBXBuildFile; fileRef = E5D41B7D27AAAF1E00021C58 /* NotoSansKR-Thin.otf */; };
		E5D41B8827AAAF1F00021C58 /* OFL.txt in Resources */ = {isa = PBXBuildFile; fileRef = E5D41B7E27AAAF1E00021C58 /* OFL.txt */; };
		E5D41B8927AAAF1F00021C58 /* NotoSansKR-Black.otf in Resources */ = {isa = PBXBuildFile; fileRef = E5D41B7F27AAAF1E00021C58 /* NotoSansKR-Black.otf */; };
		E5D41B8A27AAAF1F00021C58 /* NotoSansKR-Medium.otf in Resources */ = {isa = PBXBuildFile; fileRef = E5D41B8027AAAF1E00021C58 /* NotoSansKR-Medium.otf */; };
		E5D41B8B27AAAF1F00021C58 /* NotoSansKR-Regular.otf in Resources */ = {isa = PBXBuildFile; fileRef = E5D41B8127AAAF1E00021C58 /* NotoSansKR-Regular.otf */; };
		E5D41B8C27AAAF1F00021C58 /* Assets.xcassets in Resources */ = {isa = PBXBuildFile; fileRef = E5D41B8227AAAF1F00021C58 /* Assets.xcassets */; };
		E5D41B8D27AAAF1F00021C58 /* ColorTheme.swift in Sources */ = {isa = PBXBuildFile; fileRef = E5D41B8327AAAF1F00021C58 /* ColorTheme.swift */; };
/* End PBXBuildFile section */

/* Begin PBXFileReference section */
		E50C3AE227A1C6490085CABD /* Reusable.swift */ = {isa = PBXFileReference; lastKnownFileType = sourcecode.swift; path = Reusable.swift; sourceTree = "<group>"; };
		E575401827968ED0001F9247 /* SeSACFriends.app */ = {isa = PBXFileReference; explicitFileType = wrapper.application; includeInIndex = 0; path = SeSACFriends.app; sourceTree = BUILT_PRODUCTS_DIR; };
		E575401B27968ED0001F9247 /* AppDelegate.swift */ = {isa = PBXFileReference; lastKnownFileType = sourcecode.swift; path = AppDelegate.swift; sourceTree = "<group>"; };
		E575401D27968ED0001F9247 /* SceneDelegate.swift */ = {isa = PBXFileReference; lastKnownFileType = sourcecode.swift; path = SceneDelegate.swift; sourceTree = "<group>"; };
		E575402727968ED3001F9247 /* Base */ = {isa = PBXFileReference; lastKnownFileType = file.storyboard; name = Base; path = Base.lproj/LaunchScreen.storyboard; sourceTree = "<group>"; };
		E575402927968ED3001F9247 /* Info.plist */ = {isa = PBXFileReference; lastKnownFileType = text.plist.xml; path = Info.plist; sourceTree = "<group>"; };
		E575403527969698001F9247 /* UIColor+Extension.swift */ = {isa = PBXFileReference; lastKnownFileType = sourcecode.swift; path = "UIColor+Extension.swift"; sourceTree = "<group>"; };
		E575403727969EA1001F9247 /* AuthPhoneNumberViewController.swift */ = {isa = PBXFileReference; lastKnownFileType = sourcecode.swift; path = AuthPhoneNumberViewController.swift; sourceTree = "<group>"; };
		E57540392796A07E001F9247 /* GoogleService-Info.plist */ = {isa = PBXFileReference; fileEncoding = 4; lastKnownFileType = text.plist.xml; path = "GoogleService-Info.plist"; sourceTree = "<group>"; };
		E575404D279705ED001F9247 /* SeSACButton.swift */ = {isa = PBXFileReference; lastKnownFileType = sourcecode.swift; path = SeSACButton.swift; sourceTree = "<group>"; };
		E575405727971B3B001F9247 /* AuthCommonView.swift */ = {isa = PBXFileReference; lastKnownFileType = sourcecode.swift; path = AuthCommonView.swift; sourceTree = "<group>"; };
		E5754062279878B8001F9247 /* ViewRepresentable.swift */ = {isa = PBXFileReference; lastKnownFileType = sourcecode.swift; path = ViewRepresentable.swift; sourceTree = "<group>"; };
		E57540642798820A001F9247 /* AuthPhoneViewModel.swift */ = {isa = PBXFileReference; lastKnownFileType = sourcecode.swift; path = AuthPhoneViewModel.swift; sourceTree = "<group>"; };
		E57540662799255C001F9247 /* SeSACTextField.swift */ = {isa = PBXFileReference; lastKnownFileType = sourcecode.swift; path = SeSACTextField.swift; sourceTree = "<group>"; };
		E575406B27993D2B001F9247 /* AuthCodeViewController.swift */ = {isa = PBXFileReference; lastKnownFileType = sourcecode.swift; path = AuthCodeViewController.swift; sourceTree = "<group>"; };
		E575406D27994045001F9247 /* AuthCodeViewModel.swift */ = {isa = PBXFileReference; lastKnownFileType = sourcecode.swift; path = AuthCodeViewModel.swift; sourceTree = "<group>"; };
		E575406F279A4ED2001F9247 /* AuthEmailViewController.swift */ = {isa = PBXFileReference; lastKnownFileType = sourcecode.swift; path = AuthEmailViewController.swift; sourceTree = "<group>"; };
		E5754071279A4F07001F9247 /* AuthNicknameViewController.swift */ = {isa = PBXFileReference; lastKnownFileType = sourcecode.swift; path = AuthNicknameViewController.swift; sourceTree = "<group>"; };
		E5754073279A4F3A001F9247 /* AuthGenderViewController.swift */ = {isa = PBXFileReference; lastKnownFileType = sourcecode.swift; path = AuthGenderViewController.swift; sourceTree = "<group>"; };
		E5754075279A4F68001F9247 /* AuthBirthViewController.swift */ = {isa = PBXFileReference; lastKnownFileType = sourcecode.swift; path = AuthBirthViewController.swift; sourceTree = "<group>"; };
		E5754077279B0BDC001F9247 /* AuthModel.swift */ = {isa = PBXFileReference; lastKnownFileType = sourcecode.swift; path = AuthModel.swift; sourceTree = "<group>"; };
		E575407C279B0D2B001F9247 /* AuthEmailViewModel.swift */ = {isa = PBXFileReference; lastKnownFileType = sourcecode.swift; path = AuthEmailViewModel.swift; sourceTree = "<group>"; };
		E5754080279D1AB8001F9247 /* AuthTextFieldView.swift */ = {isa = PBXFileReference; lastKnownFileType = sourcecode.swift; path = AuthTextFieldView.swift; sourceTree = "<group>"; };
		E5754082279D1EE9001F9247 /* AuthCodeView.swift */ = {isa = PBXFileReference; lastKnownFileType = sourcecode.swift; path = AuthCodeView.swift; sourceTree = "<group>"; };
		E5754084279D1F0B001F9247 /* AuthBirthView.swift */ = {isa = PBXFileReference; lastKnownFileType = sourcecode.swift; path = AuthBirthView.swift; sourceTree = "<group>"; };
		E5754086279D1F28001F9247 /* AuthGenderView.swift */ = {isa = PBXFileReference; lastKnownFileType = sourcecode.swift; path = AuthGenderView.swift; sourceTree = "<group>"; };
		E5754089279D24ED001F9247 /* AppSettings.swift */ = {isa = PBXFileReference; lastKnownFileType = sourcecode.swift; path = AppSettings.swift; sourceTree = "<group>"; };
		E575408B279D5D5A001F9247 /* String+Extension.swift */ = {isa = PBXFileReference; lastKnownFileType = sourcecode.swift; path = "String+Extension.swift"; sourceTree = "<group>"; };
		E575408E279DB92D001F9247 /* FirebaseManager.swift */ = {isa = PBXFileReference; lastKnownFileType = sourcecode.swift; path = FirebaseManager.swift; sourceTree = "<group>"; };
		E5754090279DD0B6001F9247 /* UIViewController+Extension.swift */ = {isa = PBXFileReference; lastKnownFileType = sourcecode.swift; path = "UIViewController+Extension.swift"; sourceTree = "<group>"; };
		E5754097279DDA93001F9247 /* AuthNicknameViewModel.swift */ = {isa = PBXFileReference; lastKnownFileType = sourcecode.swift; path = AuthNicknameViewModel.swift; sourceTree = "<group>"; };
		E575409B279DF222001F9247 /* ViewModelProtocol.swift */ = {isa = PBXFileReference; lastKnownFileType = sourcecode.swift; path = ViewModelProtocol.swift; sourceTree = "<group>"; };
		E57540A0279E8A2B001F9247 /* AuthBirthViewModel.swift */ = {isa = PBXFileReference; lastKnownFileType = sourcecode.swift; path = AuthBirthViewModel.swift; sourceTree = "<group>"; };
		E57540A2279E8A3A001F9247 /* AuthGenderViewModel.swift */ = {isa = PBXFileReference; lastKnownFileType = sourcecode.swift; path = AuthGenderViewModel.swift; sourceTree = "<group>"; };
		E57540A727A09574001F9247 /* AuthAPI.swift */ = {isa = PBXFileReference; lastKnownFileType = sourcecode.swift; path = AuthAPI.swift; sourceTree = "<group>"; };
		E57540B127A12E4E001F9247 /* TabBarController.swift */ = {isa = PBXFileReference; lastKnownFileType = sourcecode.swift; path = TabBarController.swift; sourceTree = "<group>"; };
		E57540B727A18FBF001F9247 /* MyInfoViewController.swift */ = {isa = PBXFileReference; lastKnownFileType = sourcecode.swift; path = MyInfoViewController.swift; sourceTree = "<group>"; };
		E57540B927A18FDB001F9247 /* ChatViewController.swift */ = {isa = PBXFileReference; lastKnownFileType = sourcecode.swift; path = ChatViewController.swift; sourceTree = "<group>"; };
		E57540BB27A18FF1001F9247 /* ShopViewController.swift */ = {isa = PBXFileReference; lastKnownFileType = sourcecode.swift; path = ShopViewController.swift; sourceTree = "<group>"; };
		E57540BD27A1900C001F9247 /* MapViewController.swift */ = {isa = PBXFileReference; lastKnownFileType = sourcecode.swift; path = MapViewController.swift; sourceTree = "<group>"; };
		E57540BF27A19354001F9247 /* MyInfoView.swift */ = {isa = PBXFileReference; lastKnownFileType = sourcecode.swift; path = MyInfoView.swift; sourceTree = "<group>"; };
		E5D41B7927AAAF1D00021C58 /* FontTHeme.swift */ = {isa = PBXFileReference; fileEncoding = 4; lastKnownFileType = sourcecode.swift; path = FontTHeme.swift; sourceTree = "<group>"; };
		E5D41B7B27AAAF1E00021C58 /* NotoSansKR-Light.otf */ = {isa = PBXFileReference; lastKnownFileType = file; path = "NotoSansKR-Light.otf"; sourceTree = "<group>"; };
		E5D41B7C27AAAF1E00021C58 /* NotoSansKR-Bold.otf */ = {isa = PBXFileReference; lastKnownFileType = file; path = "NotoSansKR-Bold.otf"; sourceTree = "<group>"; };
		E5D41B7D27AAAF1E00021C58 /* NotoSansKR-Thin.otf */ = {isa = PBXFileReference; lastKnownFileType = file; path = "NotoSansKR-Thin.otf"; sourceTree = "<group>"; };
		E5D41B7E27AAAF1E00021C58 /* OFL.txt */ = {isa = PBXFileReference; fileEncoding = 4; lastKnownFileType = text; path = OFL.txt; sourceTree = "<group>"; };
		E5D41B7F27AAAF1E00021C58 /* NotoSansKR-Black.otf */ = {isa = PBXFileReference; lastKnownFileType = file; path = "NotoSansKR-Black.otf"; sourceTree = "<group>"; };
		E5D41B8027AAAF1E00021C58 /* NotoSansKR-Medium.otf */ = {isa = PBXFileReference; lastKnownFileType = file; path = "NotoSansKR-Medium.otf"; sourceTree = "<group>"; };
		E5D41B8127AAAF1E00021C58 /* NotoSansKR-Regular.otf */ = {isa = PBXFileReference; lastKnownFileType = file; path = "NotoSansKR-Regular.otf"; sourceTree = "<group>"; };
		E5D41B8227AAAF1F00021C58 /* Assets.xcassets */ = {isa = PBXFileReference; lastKnownFileType = folder.assetcatalog; path = Assets.xcassets; sourceTree = "<group>"; };
		E5D41B8327AAAF1F00021C58 /* ColorTheme.swift */ = {isa = PBXFileReference; fileEncoding = 4; lastKnownFileType = sourcecode.swift; path = ColorTheme.swift; sourceTree = "<group>"; };
/* End PBXFileReference section */

/* Begin PBXFrameworksBuildPhase section */
		E575401527968ED0001F9247 /* Frameworks */ = {
			isa = PBXFrameworksBuildPhase;
			buildActionMask = 2147483647;
			files = (
				E5754096279DD274001F9247 /* FirebaseMessaging in Frameworks */,
				E575405E2798750F001F9247 /* RxCocoa in Frameworks */,
				E5754094279DD274001F9247 /* FirebaseAuth in Frameworks */,
				E575405127970E17001F9247 /* SnapKit in Frameworks */,
				E57540602798750F001F9247 /* RxSwift in Frameworks */,
				E57540AE27A09B49001F9247 /* Moya in Frameworks */,
				E57540B027A09B49001F9247 /* RxMoya in Frameworks */,
				E575409F279DF54C001F9247 /* Toast in Frameworks */,
			);
			runOnlyForDeploymentPostprocessing = 0;
		};
/* End PBXFrameworksBuildPhase section */

/* Begin PBXGroup section */
		E575400F27968ED0001F9247 = {
			isa = PBXGroup;
			children = (
				E575401A27968ED0001F9247 /* SeSACFriends */,
				E575401927968ED0001F9247 /* Products */,
			);
			sourceTree = "<group>";
		};
		E575401927968ED0001F9247 /* Products */ = {
			isa = PBXGroup;
			children = (
				E575401827968ED0001F9247 /* SeSACFriends.app */,
			);
			name = Products;
			sourceTree = "<group>";
		};
		E575401A27968ED0001F9247 /* SeSACFriends */ = {
			isa = PBXGroup;
			children = (
				E5D41B9127AAB48100021C58 /* VC */,
				E5D41B8E27AAB3FB00021C58 /* Views */,
				E5D41B7827AAAF0F00021C58 /* Resources */,
				E5754088279D24CD001F9247 /* Manager */,
				E57540A627A09562001F9247 /* Model */,
				E575405B279800D0001F9247 /* ViewModels */,
				E575404C279705D6001F9247 /* CustomView */,
				E57540342796968D001F9247 /* Extensions */,
				E575406127987857001F9247 /* Protocols */,
				E575402F279691F7001F9247 /* SupportingFiles */,
			);
			path = SeSACFriends;
			sourceTree = "<group>";
		};
		E575402F279691F7001F9247 /* SupportingFiles */ = {
			isa = PBXGroup;
			children = (
				E57540392796A07E001F9247 /* GoogleService-Info.plist */,
				E575402927968ED3001F9247 /* Info.plist */,
				E575402627968ED3001F9247 /* LaunchScreen.storyboard */,
				E575401D27968ED0001F9247 /* SceneDelegate.swift */,
				E575401B27968ED0001F9247 /* AppDelegate.swift */,
			);
			path = SupportingFiles;
			sourceTree = "<group>";
		};
		E57540342796968D001F9247 /* Extensions */ = {
			isa = PBXGroup;
			children = (
				E575403527969698001F9247 /* UIColor+Extension.swift */,
				E575408B279D5D5A001F9247 /* String+Extension.swift */,
				E5754090279DD0B6001F9247 /* UIViewController+Extension.swift */,
			);
			path = Extensions;
			sourceTree = "<group>";
		};
		E575404C279705D6001F9247 /* CustomView */ = {
			isa = PBXGroup;
			children = (
				E575404D279705ED001F9247 /* SeSACButton.swift */,
				E57540662799255C001F9247 /* SeSACTextField.swift */,
				E57540B127A12E4E001F9247 /* TabBarController.swift */,
			);
			path = CustomView;
			sourceTree = "<group>";
		};
		E575405527970E52001F9247 /* Auth */ = {
			isa = PBXGroup;
			children = (
				E575403727969EA1001F9247 /* AuthPhoneNumberViewController.swift */,
				E575406B27993D2B001F9247 /* AuthCodeViewController.swift */,
				E575406F279A4ED2001F9247 /* AuthEmailViewController.swift */,
				E5754071279A4F07001F9247 /* AuthNicknameViewController.swift */,
				E5754073279A4F3A001F9247 /* AuthGenderViewController.swift */,
				E5754075279A4F68001F9247 /* AuthBirthViewController.swift */,
			);
			path = Auth;
			sourceTree = "<group>";
		};
		E575405627971B2E001F9247 /* Auth */ = {
			isa = PBXGroup;
			children = (
				E575405727971B3B001F9247 /* AuthCommonView.swift */,
				E5754080279D1AB8001F9247 /* AuthTextFieldView.swift */,
				E5754082279D1EE9001F9247 /* AuthCodeView.swift */,
				E5754084279D1F0B001F9247 /* AuthBirthView.swift */,
				E5754086279D1F28001F9247 /* AuthGenderView.swift */,
			);
			path = Auth;
			sourceTree = "<group>";
		};
		E575405B279800D0001F9247 /* ViewModels */ = {
			isa = PBXGroup;
			children = (
				E5D41B9227AAC5E700021C58 /* Auth */,
			);
			path = ViewModels;
			sourceTree = "<group>";
		};
		E575406127987857001F9247 /* Protocols */ = {
			isa = PBXGroup;
			children = (
				E5754062279878B8001F9247 /* ViewRepresentable.swift */,
				E575409B279DF222001F9247 /* ViewModelProtocol.swift */,
				E50C3AE227A1C6490085CABD /* Reusable.swift */,
			);
			path = Protocols;
			sourceTree = "<group>";
		};
		E5754088279D24CD001F9247 /* Manager */ = {
			isa = PBXGroup;
			children = (
				E5754089279D24ED001F9247 /* AppSettings.swift */,
				E575408E279DB92D001F9247 /* FirebaseManager.swift */,
			);
			path = Manager;
			sourceTree = "<group>";
		};
		E57540A627A09562001F9247 /* Model */ = {
			isa = PBXGroup;
			children = (
				E5754077279B0BDC001F9247 /* AuthModel.swift */,
				E57540A727A09574001F9247 /* AuthAPI.swift */,
			);
			path = Model;
			sourceTree = "<group>";
		};
		E57540B327A178C7001F9247 /* Map */ = {
			isa = PBXGroup;
			children = (
				E57540BD27A1900C001F9247 /* MapViewController.swift */,
			);
			path = Map;
			sourceTree = "<group>";
		};
		E57540B427A178E1001F9247 /* Shop */ = {
			isa = PBXGroup;
			children = (
				E57540BB27A18FF1001F9247 /* ShopViewController.swift */,
			);
			path = Shop;
			sourceTree = "<group>";
		};
		E57540B527A178EE001F9247 /* Chat */ = {
			isa = PBXGroup;
			children = (
				E57540B927A18FDB001F9247 /* ChatViewController.swift */,
			);
			path = Chat;
			sourceTree = "<group>";
		};
		E57540B627A178F6001F9247 /* MyInfo */ = {
			isa = PBXGroup;
			children = (
				E57540B727A18FBF001F9247 /* MyInfoViewController.swift */,
				E57540BF27A19354001F9247 /* MyInfoView.swift */,
			);
			path = MyInfo;
			sourceTree = "<group>";
		};
		E5D41B7827AAAF0F00021C58 /* Resources */ = {
			isa = PBXGroup;
			children = (
				E5D41B8227AAAF1F00021C58 /* Assets.xcassets */,
				E5D41B8327AAAF1F00021C58 /* ColorTheme.swift */,
				E5D41B7927AAAF1D00021C58 /* FontTHeme.swift */,
				E5D41B7A27AAAF1E00021C58 /* Noto_Sans_KR */,
			);
			path = Resources;
			sourceTree = "<group>";
		};
		E5D41B7A27AAAF1E00021C58 /* Noto_Sans_KR */ = {
			isa = PBXGroup;
			children = (
				E5D41B7B27AAAF1E00021C58 /* NotoSansKR-Light.otf */,
				E5D41B7C27AAAF1E00021C58 /* NotoSansKR-Bold.otf */,
				E5D41B7D27AAAF1E00021C58 /* NotoSansKR-Thin.otf */,
				E5D41B7E27AAAF1E00021C58 /* OFL.txt */,
				E5D41B7F27AAAF1E00021C58 /* NotoSansKR-Black.otf */,
				E5D41B8027AAAF1E00021C58 /* NotoSansKR-Medium.otf */,
				E5D41B8127AAAF1E00021C58 /* NotoSansKR-Regular.otf */,
			);
			path = Noto_Sans_KR;
			sourceTree = "<group>";
		};
		E5D41B8E27AAB3FB00021C58 /* Views */ = {
			isa = PBXGroup;
			children = (
				E575405627971B2E001F9247 /* Auth */,
				E57540B627A178F6001F9247 /* MyInfo */,
				E57540B427A178E1001F9247 /* Shop */,
				E57540B327A178C7001F9247 /* Map */,
				E57540B527A178EE001F9247 /* Chat */,
			);
			path = Views;
			sourceTree = "<group>";
		};
		E5D41B9127AAB48100021C58 /* VC */ = {
			isa = PBXGroup;
			children = (
				E575405527970E52001F9247 /* Auth */,
			);
			path = VC;
			sourceTree = "<group>";
		};
		E5D41B9227AAC5E700021C58 /* Auth */ = {
			isa = PBXGroup;
			children = (
				E57540642798820A001F9247 /* AuthPhoneViewModel.swift */,
				E575406D27994045001F9247 /* AuthCodeViewModel.swift */,
				E575407C279B0D2B001F9247 /* AuthEmailViewModel.swift */,
				E5754097279DDA93001F9247 /* AuthNicknameViewModel.swift */,
				E57540A0279E8A2B001F9247 /* AuthBirthViewModel.swift */,
				E57540A2279E8A3A001F9247 /* AuthGenderViewModel.swift */,
			);
			path = Auth;
			sourceTree = "<group>";
		};
/* End PBXGroup section */

/* Begin PBXNativeTarget section */
		E575401727968ED0001F9247 /* SeSACFriends */ = {
			isa = PBXNativeTarget;
			buildConfigurationList = E575402C27968ED3001F9247 /* Build configuration list for PBXNativeTarget "SeSACFriends" */;
			buildPhases = (
				E575401427968ED0001F9247 /* Sources */,
				E575401527968ED0001F9247 /* Frameworks */,
				E575401627968ED0001F9247 /* Resources */,
			);
			buildRules = (
			);
			dependencies = (
			);
			name = SeSACFriends;
			packageProductDependencies = (
				E575405027970E17001F9247 /* SnapKit */,
				E575405D2798750F001F9247 /* RxCocoa */,
				E575405F2798750F001F9247 /* RxSwift */,
				E5754093279DD274001F9247 /* FirebaseAuth */,
				E5754095279DD274001F9247 /* FirebaseMessaging */,
				E575409E279DF54C001F9247 /* Toast */,
				E57540AD27A09B49001F9247 /* Moya */,
				E57540AF27A09B49001F9247 /* RxMoya */,
			);
			productName = SeSACFriends;
			productReference = E575401827968ED0001F9247 /* SeSACFriends.app */;
			productType = "com.apple.product-type.application";
		};
/* End PBXNativeTarget section */

/* Begin PBXProject section */
		E575401027968ED0001F9247 /* Project object */ = {
			isa = PBXProject;
			attributes = {
				BuildIndependentTargetsInParallel = 1;
				LastSwiftUpdateCheck = 1300;
				LastUpgradeCheck = 1300;
				TargetAttributes = {
					E575401727968ED0001F9247 = {
						CreatedOnToolsVersion = 13.0;
					};
				};
			};
			buildConfigurationList = E575401327968ED0001F9247 /* Build configuration list for PBXProject "SeSACFriends" */;
			compatibilityVersion = "Xcode 13.0";
			developmentRegion = en;
			hasScannedForEncodings = 0;
			knownRegions = (
				en,
				Base,
			);
			mainGroup = E575400F27968ED0001F9247;
			packageReferences = (
				E575404F27970E17001F9247 /* XCRemoteSwiftPackageReference "SnapKit" */,
				E575405C2798750F001F9247 /* XCRemoteSwiftPackageReference "RxSwift" */,
				E5754092279DD274001F9247 /* XCRemoteSwiftPackageReference "firebase-ios-sdk" */,
				E575409D279DF54C001F9247 /* XCRemoteSwiftPackageReference "Toast-Swift" */,
				E57540AC27A09B49001F9247 /* XCRemoteSwiftPackageReference "Moya" */,
			);
			productRefGroup = E575401927968ED0001F9247 /* Products */;
			projectDirPath = "";
			projectRoot = "";
			targets = (
				E575401727968ED0001F9247 /* SeSACFriends */,
			);
		};
/* End PBXProject section */

/* Begin PBXResourcesBuildPhase section */
		E575401627968ED0001F9247 /* Resources */ = {
			isa = PBXResourcesBuildPhase;
			buildActionMask = 2147483647;
			files = (
				E5D41B8827AAAF1F00021C58 /* OFL.txt in Resources */,
				E5D41B8B27AAAF1F00021C58 /* NotoSansKR-Regular.otf in Resources */,
				E5D41B8527AAAF1F00021C58 /* NotoSansKR-Light.otf in Resources */,
				E575402827968ED3001F9247 /* LaunchScreen.storyboard in Resources */,
				E5D41B8C27AAAF1F00021C58 /* Assets.xcassets in Resources */,
				E5D41B8627AAAF1F00021C58 /* NotoSansKR-Bold.otf in Resources */,
				E5D41B8A27AAAF1F00021C58 /* NotoSansKR-Medium.otf in Resources */,
				E575403A2796A07F001F9247 /* GoogleService-Info.plist in Resources */,
				E5D41B8927AAAF1F00021C58 /* NotoSansKR-Black.otf in Resources */,
				E5D41B8727AAAF1F00021C58 /* NotoSansKR-Thin.otf in Resources */,
			);
			runOnlyForDeploymentPostprocessing = 0;
		};
/* End PBXResourcesBuildPhase section */

/* Begin PBXSourcesBuildPhase section */
		E575401427968ED0001F9247 /* Sources */ = {
			isa = PBXSourcesBuildPhase;
			buildActionMask = 2147483647;
			files = (
				E5754087279D1F28001F9247 /* AuthGenderView.swift in Sources */,
				E575403627969698001F9247 /* UIColor+Extension.swift in Sources */,
				E57540BA27A18FDB001F9247 /* ChatViewController.swift in Sources */,
				E57540C027A19354001F9247 /* MyInfoView.swift in Sources */,
				E575408F279DB92D001F9247 /* FirebaseManager.swift in Sources */,
				E50C3AE327A1C6490085CABD /* Reusable.swift in Sources */,
				E5754091279DD0B6001F9247 /* UIViewController+Extension.swift in Sources */,
				E57540672799255C001F9247 /* SeSACTextField.swift in Sources */,
				E5754070279A4ED2001F9247 /* AuthEmailViewController.swift in Sources */,
				E57540A3279E8A3A001F9247 /* AuthGenderViewModel.swift in Sources */,
				E575409C279DF222001F9247 /* ViewModelProtocol.swift in Sources */,
				E575408C279D5D5A001F9247 /* String+Extension.swift in Sources */,
				E57540652798820A001F9247 /* AuthPhoneViewModel.swift in Sources */,
				E575403827969EA1001F9247 /* AuthPhoneNumberViewController.swift in Sources */,
				E57540A1279E8A2B001F9247 /* AuthBirthViewModel.swift in Sources */,
				E57540BC27A18FF1001F9247 /* ShopViewController.swift in Sources */,
				E575401C27968ED0001F9247 /* AppDelegate.swift in Sources */,
				E5754081279D1AB8001F9247 /* AuthTextFieldView.swift in Sources */,
				E5D41B8D27AAAF1F00021C58 /* ColorTheme.swift in Sources */,
				E5754083279D1EE9001F9247 /* AuthCodeView.swift in Sources */,
				E575405827971B3B001F9247 /* AuthCommonView.swift in Sources */,
				E575401E27968ED0001F9247 /* SceneDelegate.swift in Sources */,
				E5754098279DDA93001F9247 /* AuthNicknameViewModel.swift in Sources */,
				E57540B827A18FBF001F9247 /* MyInfoViewController.swift in Sources */,
				E57540A827A09574001F9247 /* AuthAPI.swift in Sources */,
				E575407D279B0D2B001F9247 /* AuthEmailViewModel.swift in Sources */,
				E5754085279D1F0B001F9247 /* AuthBirthView.swift in Sources */,
				E5D41B8427AAAF1F00021C58 /* FontTHeme.swift in Sources */,
				E575404E279705ED001F9247 /* SeSACButton.swift in Sources */,
				E57540BE27A1900C001F9247 /* MapViewController.swift in Sources */,
				E57540B227A12E4F001F9247 /* TabBarController.swift in Sources */,
				E5754063279878B8001F9247 /* ViewRepresentable.swift in Sources */,
				E5754076279A4F68001F9247 /* AuthBirthViewController.swift in Sources */,
				E575406C27993D2B001F9247 /* AuthCodeViewController.swift in Sources */,
				E575406E27994045001F9247 /* AuthCodeViewModel.swift in Sources */,
				E5754072279A4F07001F9247 /* AuthNicknameViewController.swift in Sources */,
				E5754074279A4F3A001F9247 /* AuthGenderViewController.swift in Sources */,
				E575408A279D24ED001F9247 /* AppSettings.swift in Sources */,
				E5754078279B0BDC001F9247 /* AuthModel.swift in Sources */,
			);
			runOnlyForDeploymentPostprocessing = 0;
		};
/* End PBXSourcesBuildPhase section */

/* Begin PBXVariantGroup section */
		E575402627968ED3001F9247 /* LaunchScreen.storyboard */ = {
			isa = PBXVariantGroup;
			children = (
				E575402727968ED3001F9247 /* Base */,
			);
			name = LaunchScreen.storyboard;
			sourceTree = "<group>";
		};
/* End PBXVariantGroup section */

/* Begin XCBuildConfiguration section */
		E575402A27968ED3001F9247 /* Debug */ = {
			isa = XCBuildConfiguration;
			buildSettings = {
				ALWAYS_SEARCH_USER_PATHS = NO;
				CLANG_ANALYZER_NONNULL = YES;
				CLANG_ANALYZER_NUMBER_OBJECT_CONVERSION = YES_AGGRESSIVE;
				CLANG_CXX_LANGUAGE_STANDARD = "gnu++17";
				CLANG_CXX_LIBRARY = "libc++";
				CLANG_ENABLE_MODULES = YES;
				CLANG_ENABLE_OBJC_ARC = YES;
				CLANG_ENABLE_OBJC_WEAK = YES;
				CLANG_WARN_BLOCK_CAPTURE_AUTORELEASING = YES;
				CLANG_WARN_BOOL_CONVERSION = YES;
				CLANG_WARN_COMMA = YES;
				CLANG_WARN_CONSTANT_CONVERSION = YES;
				CLANG_WARN_DEPRECATED_OBJC_IMPLEMENTATIONS = YES;
				CLANG_WARN_DIRECT_OBJC_ISA_USAGE = YES_ERROR;
				CLANG_WARN_DOCUMENTATION_COMMENTS = YES;
				CLANG_WARN_EMPTY_BODY = YES;
				CLANG_WARN_ENUM_CONVERSION = YES;
				CLANG_WARN_INFINITE_RECURSION = YES;
				CLANG_WARN_INT_CONVERSION = YES;
				CLANG_WARN_NON_LITERAL_NULL_CONVERSION = YES;
				CLANG_WARN_OBJC_IMPLICIT_RETAIN_SELF = YES;
				CLANG_WARN_OBJC_LITERAL_CONVERSION = YES;
				CLANG_WARN_OBJC_ROOT_CLASS = YES_ERROR;
				CLANG_WARN_QUOTED_INCLUDE_IN_FRAMEWORK_HEADER = YES;
				CLANG_WARN_RANGE_LOOP_ANALYSIS = YES;
				CLANG_WARN_STRICT_PROTOTYPES = YES;
				CLANG_WARN_SUSPICIOUS_MOVE = YES;
				CLANG_WARN_UNGUARDED_AVAILABILITY = YES_AGGRESSIVE;
				CLANG_WARN_UNREACHABLE_CODE = YES;
				CLANG_WARN__DUPLICATE_METHOD_MATCH = YES;
				COPY_PHASE_STRIP = NO;
				DEBUG_INFORMATION_FORMAT = dwarf;
				ENABLE_STRICT_OBJC_MSGSEND = YES;
				ENABLE_TESTABILITY = YES;
				GCC_C_LANGUAGE_STANDARD = gnu11;
				GCC_DYNAMIC_NO_PIC = NO;
				GCC_NO_COMMON_BLOCKS = YES;
				GCC_OPTIMIZATION_LEVEL = 0;
				GCC_PREPROCESSOR_DEFINITIONS = (
					"DEBUG=1",
					"$(inherited)",
				);
				GCC_WARN_64_TO_32_BIT_CONVERSION = YES;
				GCC_WARN_ABOUT_RETURN_TYPE = YES_ERROR;
				GCC_WARN_UNDECLARED_SELECTOR = YES;
				GCC_WARN_UNINITIALIZED_AUTOS = YES_AGGRESSIVE;
				GCC_WARN_UNUSED_FUNCTION = YES;
				GCC_WARN_UNUSED_VARIABLE = YES;
				IPHONEOS_DEPLOYMENT_TARGET = 14.0;
				MTL_ENABLE_DEBUG_INFO = INCLUDE_SOURCE;
				MTL_FAST_MATH = YES;
				ONLY_ACTIVE_ARCH = YES;
				SDKROOT = iphoneos;
				SWIFT_ACTIVE_COMPILATION_CONDITIONS = DEBUG;
				SWIFT_OPTIMIZATION_LEVEL = "-Onone";
			};
			name = Debug;
		};
		E575402B27968ED3001F9247 /* Release */ = {
			isa = XCBuildConfiguration;
			buildSettings = {
				ALWAYS_SEARCH_USER_PATHS = NO;
				CLANG_ANALYZER_NONNULL = YES;
				CLANG_ANALYZER_NUMBER_OBJECT_CONVERSION = YES_AGGRESSIVE;
				CLANG_CXX_LANGUAGE_STANDARD = "gnu++17";
				CLANG_CXX_LIBRARY = "libc++";
				CLANG_ENABLE_MODULES = YES;
				CLANG_ENABLE_OBJC_ARC = YES;
				CLANG_ENABLE_OBJC_WEAK = YES;
				CLANG_WARN_BLOCK_CAPTURE_AUTORELEASING = YES;
				CLANG_WARN_BOOL_CONVERSION = YES;
				CLANG_WARN_COMMA = YES;
				CLANG_WARN_CONSTANT_CONVERSION = YES;
				CLANG_WARN_DEPRECATED_OBJC_IMPLEMENTATIONS = YES;
				CLANG_WARN_DIRECT_OBJC_ISA_USAGE = YES_ERROR;
				CLANG_WARN_DOCUMENTATION_COMMENTS = YES;
				CLANG_WARN_EMPTY_BODY = YES;
				CLANG_WARN_ENUM_CONVERSION = YES;
				CLANG_WARN_INFINITE_RECURSION = YES;
				CLANG_WARN_INT_CONVERSION = YES;
				CLANG_WARN_NON_LITERAL_NULL_CONVERSION = YES;
				CLANG_WARN_OBJC_IMPLICIT_RETAIN_SELF = YES;
				CLANG_WARN_OBJC_LITERAL_CONVERSION = YES;
				CLANG_WARN_OBJC_ROOT_CLASS = YES_ERROR;
				CLANG_WARN_QUOTED_INCLUDE_IN_FRAMEWORK_HEADER = YES;
				CLANG_WARN_RANGE_LOOP_ANALYSIS = YES;
				CLANG_WARN_STRICT_PROTOTYPES = YES;
				CLANG_WARN_SUSPICIOUS_MOVE = YES;
				CLANG_WARN_UNGUARDED_AVAILABILITY = YES_AGGRESSIVE;
				CLANG_WARN_UNREACHABLE_CODE = YES;
				CLANG_WARN__DUPLICATE_METHOD_MATCH = YES;
				COPY_PHASE_STRIP = NO;
				DEBUG_INFORMATION_FORMAT = "dwarf-with-dsym";
				ENABLE_NS_ASSERTIONS = NO;
				ENABLE_STRICT_OBJC_MSGSEND = YES;
				GCC_C_LANGUAGE_STANDARD = gnu11;
				GCC_NO_COMMON_BLOCKS = YES;
				GCC_WARN_64_TO_32_BIT_CONVERSION = YES;
				GCC_WARN_ABOUT_RETURN_TYPE = YES_ERROR;
				GCC_WARN_UNDECLARED_SELECTOR = YES;
				GCC_WARN_UNINITIALIZED_AUTOS = YES_AGGRESSIVE;
				GCC_WARN_UNUSED_FUNCTION = YES;
				GCC_WARN_UNUSED_VARIABLE = YES;
				IPHONEOS_DEPLOYMENT_TARGET = 14.0;
				MTL_ENABLE_DEBUG_INFO = NO;
				MTL_FAST_MATH = YES;
				SDKROOT = iphoneos;
				SWIFT_COMPILATION_MODE = wholemodule;
				SWIFT_OPTIMIZATION_LEVEL = "-O";
				VALIDATE_PRODUCT = YES;
			};
			name = Release;
		};
		E575402D27968ED3001F9247 /* Debug */ = {
			isa = XCBuildConfiguration;
			buildSettings = {
				ASSETCATALOG_COMPILER_GLOBAL_ACCENT_COLOR_NAME = AccentColor;
				CODE_SIGN_STYLE = Automatic;
				CURRENT_PROJECT_VERSION = 1;
				DEVELOPMENT_TEAM = 2EZ5QWFYX2;
				GENERATE_INFOPLIST_FILE = YES;
				INFOPLIST_FILE = SeSACFriends/SupportingFiles/Info.plist;
				INFOPLIST_KEY_UIApplicationSupportsIndirectInputEvents = YES;
				INFOPLIST_KEY_UILaunchStoryboardName = LaunchScreen;
				INFOPLIST_KEY_UIMainStoryboardFile = "";
				INFOPLIST_KEY_UISupportedInterfaceOrientations_iPad = "UIInterfaceOrientationPortrait UIInterfaceOrientationPortraitUpsideDown UIInterfaceOrientationLandscapeLeft UIInterfaceOrientationLandscapeRight";
				INFOPLIST_KEY_UISupportedInterfaceOrientations_iPhone = "UIInterfaceOrientationPortrait UIInterfaceOrientationLandscapeLeft UIInterfaceOrientationLandscapeRight";
				LD_RUNPATH_SEARCH_PATHS = (
					"$(inherited)",
					"@executable_path/Frameworks",
				);
				MARKETING_VERSION = 1.0;
				PRODUCT_BUNDLE_IDENTIFIER = com.memolease.sesac1;
				PRODUCT_NAME = "$(TARGET_NAME)";
				SWIFT_EMIT_LOC_STRINGS = YES;
				SWIFT_VERSION = 5.0;
				TARGETED_DEVICE_FAMILY = 1;
			};
			name = Debug;
		};
		E575402E27968ED3001F9247 /* Release */ = {
			isa = XCBuildConfiguration;
			buildSettings = {
				ASSETCATALOG_COMPILER_GLOBAL_ACCENT_COLOR_NAME = AccentColor;
				CODE_SIGN_STYLE = Automatic;
				CURRENT_PROJECT_VERSION = 1;
				DEVELOPMENT_TEAM = 2EZ5QWFYX2;
				GENERATE_INFOPLIST_FILE = YES;
				INFOPLIST_FILE = SeSACFriends/SupportingFiles/Info.plist;
				INFOPLIST_KEY_UIApplicationSupportsIndirectInputEvents = YES;
				INFOPLIST_KEY_UILaunchStoryboardName = LaunchScreen;
				INFOPLIST_KEY_UIMainStoryboardFile = "";
				INFOPLIST_KEY_UISupportedInterfaceOrientations_iPad = "UIInterfaceOrientationPortrait UIInterfaceOrientationPortraitUpsideDown UIInterfaceOrientationLandscapeLeft UIInterfaceOrientationLandscapeRight";
				INFOPLIST_KEY_UISupportedInterfaceOrientations_iPhone = "UIInterfaceOrientationPortrait UIInterfaceOrientationLandscapeLeft UIInterfaceOrientationLandscapeRight";
				LD_RUNPATH_SEARCH_PATHS = (
					"$(inherited)",
					"@executable_path/Frameworks",
				);
				MARKETING_VERSION = 1.0;
				PRODUCT_BUNDLE_IDENTIFIER = com.memolease.sesac1;
				PRODUCT_NAME = "$(TARGET_NAME)";
				SWIFT_EMIT_LOC_STRINGS = YES;
				SWIFT_VERSION = 5.0;
				TARGETED_DEVICE_FAMILY = 1;
			};
			name = Release;
		};
/* End XCBuildConfiguration section */

/* Begin XCConfigurationList section */
		E575401327968ED0001F9247 /* Build configuration list for PBXProject "SeSACFriends" */ = {
			isa = XCConfigurationList;
			buildConfigurations = (
				E575402A27968ED3001F9247 /* Debug */,
				E575402B27968ED3001F9247 /* Release */,
			);
			defaultConfigurationIsVisible = 0;
			defaultConfigurationName = Release;
		};
		E575402C27968ED3001F9247 /* Build configuration list for PBXNativeTarget "SeSACFriends" */ = {
			isa = XCConfigurationList;
			buildConfigurations = (
				E575402D27968ED3001F9247 /* Debug */,
				E575402E27968ED3001F9247 /* Release */,
			);
			defaultConfigurationIsVisible = 0;
			defaultConfigurationName = Release;
		};
/* End XCConfigurationList section */

/* Begin XCRemoteSwiftPackageReference section */
		E575404F27970E17001F9247 /* XCRemoteSwiftPackageReference "SnapKit" */ = {
			isa = XCRemoteSwiftPackageReference;
			repositoryURL = "https://github.com/SnapKit/SnapKit";
			requirement = {
				branch = develop;
				kind = branch;
			};
		};
		E575405C2798750F001F9247 /* XCRemoteSwiftPackageReference "RxSwift" */ = {
			isa = XCRemoteSwiftPackageReference;
			repositoryURL = "https://github.com/ReactiveX/RxSwift.git";
			requirement = {
				branch = main;
				kind = branch;
			};
		};
		E5754092279DD274001F9247 /* XCRemoteSwiftPackageReference "firebase-ios-sdk" */ = {
			isa = XCRemoteSwiftPackageReference;
			repositoryURL = "https://github.com/firebase/firebase-ios-sdk";
			requirement = {
				kind = upToNextMajorVersion;
				minimumVersion = 8.0.0;
			};
		};
		E575409D279DF54C001F9247 /* XCRemoteSwiftPackageReference "Toast-Swift" */ = {
			isa = XCRemoteSwiftPackageReference;
			repositoryURL = "https://github.com/scalessec/Toast-Swift";
			requirement = {
				branch = master;
				kind = branch;
			};
		};
		E57540AC27A09B49001F9247 /* XCRemoteSwiftPackageReference "Moya" */ = {
			isa = XCRemoteSwiftPackageReference;
			repositoryURL = "https://github.com/Moya/Moya.git";
			requirement = {
				branch = master;
				kind = branch;
			};
		};
/* End XCRemoteSwiftPackageReference section */

/* Begin XCSwiftPackageProductDependency section */
		E575405027970E17001F9247 /* SnapKit */ = {
			isa = XCSwiftPackageProductDependency;
			package = E575404F27970E17001F9247 /* XCRemoteSwiftPackageReference "SnapKit" */;
			productName = SnapKit;
		};
		E575405D2798750F001F9247 /* RxCocoa */ = {
			isa = XCSwiftPackageProductDependency;
			package = E575405C2798750F001F9247 /* XCRemoteSwiftPackageReference "RxSwift" */;
			productName = RxCocoa;
		};
		E575405F2798750F001F9247 /* RxSwift */ = {
			isa = XCSwiftPackageProductDependency;
			package = E575405C2798750F001F9247 /* XCRemoteSwiftPackageReference "RxSwift" */;
			productName = RxSwift;
		};
		E5754093279DD274001F9247 /* FirebaseAuth */ = {
			isa = XCSwiftPackageProductDependency;
			package = E5754092279DD274001F9247 /* XCRemoteSwiftPackageReference "firebase-ios-sdk" */;
			productName = FirebaseAuth;
		};
		E5754095279DD274001F9247 /* FirebaseMessaging */ = {
			isa = XCSwiftPackageProductDependency;
			package = E5754092279DD274001F9247 /* XCRemoteSwiftPackageReference "firebase-ios-sdk" */;
			productName = FirebaseMessaging;
		};
		E575409E279DF54C001F9247 /* Toast */ = {
			isa = XCSwiftPackageProductDependency;
			package = E575409D279DF54C001F9247 /* XCRemoteSwiftPackageReference "Toast-Swift" */;
			productName = Toast;
		};
		E57540AD27A09B49001F9247 /* Moya */ = {
			isa = XCSwiftPackageProductDependency;
			package = E57540AC27A09B49001F9247 /* XCRemoteSwiftPackageReference "Moya" */;
			productName = Moya;
		};
		E57540AF27A09B49001F9247 /* RxMoya */ = {
			isa = XCSwiftPackageProductDependency;
			package = E57540AC27A09B49001F9247 /* XCRemoteSwiftPackageReference "Moya" */;
			productName = RxMoya;
		};
/* End XCSwiftPackageProductDependency section */
	};
	rootObject = E575401027968ED0001F9247 /* Project object */;
}
